
Microsoft Visual Studio Solution File, Format Version 12.00
# Visual Studio Version 17
VisualStudioVersion = 17.0.31903.59
MinimumVisualStudioVersion = 10.0.40219.1
Project("{9A19103F-16F7-4668-BE54-9A1E7A4F7556}") = "Seminar.API", "Seminar.API\Seminar.API.csproj", "{EFF5FC0C-2F29-4B19-847A-F0C05D9368CE}"
EndProject
Project("{2150E333-8FDC-42A3-9474-1A3956D46DE8}") = "SeminarBE", "SeminarBE", "{D68ECD27-A764-47DB-848A-889FD2DB6523}"
EndProject
Project("{2150E333-8FDC-42A3-9474-1A3956D46DE8}") = "Seminar.API", "Seminar.API", "{AC6FE695-5F83-4692-99D7-2B05D5AEA01D}"
EndProject
Project("{2150E333-8FDC-42A3-9474-1A3956D46DE8}") = "Seminar.CORE", "Seminar.CORE", "{9DD0648B-9F3E-44E1-BB39-13A2DEDBFD14}"
EndProject
Project("{FAE04EC0-301F-11D3-BF4B-00C04F79EFBC}") = "Seminar.CORE", "Seminar.CORE\Seminar.CORE.csproj", "{122CCB04-03B6-462B-A568-FD0BE4965540}"
EndProject
Project("{2150E333-8FDC-42A3-9474-1A3956D46DE8}") = "Seminar.APPLICATION", "Seminar.APPLICATION", "{90AF6898-DC8A-4995-AAFB-399652E01BDF}"
EndProject
Project("{2150E333-8FDC-42A3-9474-1A3956D46DE8}") = "Seminar.DOMAIN", "Seminar.DOMAIN", "{5B01A5E4-B1CF-4C5D-97B8-6F605B4B0D05}"
EndProject
Project("{2150E333-8FDC-42A3-9474-1A3956D46DE8}") = "Seminar.INFRASTRUCTURE", "Seminar.INFRASTRUCTURE", "{02359773-38DA-4509-970E-AED3D3546A16}"
EndProject
Project("{FAE04EC0-301F-11D3-BF4B-00C04F79EFBC}") = "Seminar.APPLICATION", "Seminar.APPLICATION\Seminar.APPLICATION.csproj", "{720CB323-1D4A-4112-8AB6-36C06EEC9EA7}"
EndProject
Project("{FAE04EC0-301F-11D3-BF4B-00C04F79EFBC}") = "Seminar.DOMAIN", "Seminar.DOMAIN\Seminar.DOMAIN.csproj", "{5CEA5940-46D6-4373-9122-49643E8C653B}"
EndProject
Project("{FAE04EC0-301F-11D3-BF4B-00C04F79EFBC}") = "SeminarINFRASTRUCTURE", "SeminarINFRASTRUCTURE\SeminarINFRASTRUCTURE.csproj", "{B2888667-F6D1-4CF9-A562-A2D370F0DB32}"
EndProject
Global
	GlobalSection(SolutionConfigurationPlatforms) = preSolution
		Debug|Any CPU = Debug|Any CPU
		Release|Any CPU = Release|Any CPU
	EndGlobalSection
	GlobalSection(ProjectConfigurationPlatforms) = postSolution
		{EFF5FC0C-2F29-4B19-847A-F0C05D9368CE}.Debug|Any CPU.ActiveCfg = Debug|Any CPU
		{EFF5FC0C-2F29-4B19-847A-F0C05D9368CE}.Debug|Any CPU.Build.0 = Debug|Any CPU
		{EFF5FC0C-2F29-4B19-847A-F0C05D9368CE}.Release|Any CPU.ActiveCfg = Release|Any CPU
		{EFF5FC0C-2F29-4B19-847A-F0C05D9368CE}.Release|Any CPU.Build.0 = Release|Any CPU
		{122CCB04-03B6-462B-A568-FD0BE4965540}.Debug|Any CPU.ActiveCfg = Debug|Any CPU
		{122CCB04-03B6-462B-A568-FD0BE4965540}.Debug|Any CPU.Build.0 = Debug|Any CPU
		{122CCB04-03B6-462B-A568-FD0BE4965540}.Release|Any CPU.ActiveCfg = Release|Any CPU
		{122CCB04-03B6-462B-A568-FD0BE4965540}.Release|Any CPU.Build.0 = Release|Any CPU
		{720CB323-1D4A-4112-8AB6-36C06EEC9EA7}.Debug|Any CPU.ActiveCfg = Debug|Any CPU
		{720CB323-1D4A-4112-8AB6-36C06EEC9EA7}.Debug|Any CPU.Build.0 = Debug|Any CPU
		{720CB323-1D4A-4112-8AB6-36C06EEC9EA7}.Release|Any CPU.ActiveCfg = Release|Any CPU
		{720CB323-1D4A-4112-8AB6-36C06EEC9EA7}.Release|Any CPU.Build.0 = Release|Any CPU
		{5CEA5940-46D6-4373-9122-49643E8C653B}.Debug|Any CPU.ActiveCfg = Debug|Any CPU
		{5CEA5940-46D6-4373-9122-49643E8C653B}.Debug|Any CPU.Build.0 = Debug|Any CPU
		{5CEA5940-46D6-4373-9122-49643E8C653B}.Release|Any CPU.ActiveCfg = Release|Any CPU
		{5CEA5940-46D6-4373-9122-49643E8C653B}.Release|Any CPU.Build.0 = Release|Any CPU
		{B2888667-F6D1-4CF9-A562-A2D370F0DB32}.Debug|Any CPU.ActiveCfg = Debug|Any CPU
		{B2888667-F6D1-4CF9-A562-A2D370F0DB32}.Debug|Any CPU.Build.0 = Debug|Any CPU
		{B2888667-F6D1-4CF9-A562-A2D370F0DB32}.Release|Any CPU.ActiveCfg = Release|Any CPU
		{B2888667-F6D1-4CF9-A562-A2D370F0DB32}.Release|Any CPU.Build.0 = Release|Any CPU
	EndGlobalSection
	GlobalSection(SolutionProperties) = preSolution
		HideSolutionNode = FALSE
	EndGlobalSection
	GlobalSection(NestedProjects) = preSolution
		{EFF5FC0C-2F29-4B19-847A-F0C05D9368CE} = {AC6FE695-5F83-4692-99D7-2B05D5AEA01D}
		{AC6FE695-5F83-4692-99D7-2B05D5AEA01D} = {D68ECD27-A764-47DB-848A-889FD2DB6523}
		{9DD0648B-9F3E-44E1-BB39-13A2DEDBFD14} = {D68ECD27-A764-47DB-848A-889FD2DB6523}
		{122CCB04-03B6-462B-A568-FD0BE4965540} = {9DD0648B-9F3E-44E1-BB39-13A2DEDBFD14}
		{90AF6898-DC8A-4995-AAFB-399652E01BDF} = {D68ECD27-A764-47DB-848A-889FD2DB6523}
		{5B01A5E4-B1CF-4C5D-97B8-6F605B4B0D05} = {D68ECD27-A764-47DB-848A-889FD2DB6523}
		{02359773-38DA-4509-970E-AED3D3546A16} = {D68ECD27-A764-47DB-848A-889FD2DB6523}
		{720CB323-1D4A-4112-8AB6-36C06EEC9EA7} = {90AF6898-DC8A-4995-AAFB-399652E01BDF}
		{5CEA5940-46D6-4373-9122-49643E8C653B} = {5B01A5E4-B1CF-4C5D-97B8-6F605B4B0D05}
		{B2888667-F6D1-4CF9-A562-A2D370F0DB32} = {02359773-38DA-4509-970E-AED3D3546A16}
	EndGlobalSection
	GlobalSection(ExtensibilityGlobals) = postSolution
		SolutionGuid = {864CBB4A-F089-4B1A-A243-C2F482A3C88E}
	EndGlobalSection
EndGlobal
